
Microsoft Visual Studio Solution File, Format Version 12.00
# Visual Studio 15
VisualStudioVersion = 15.0.27703.2000
MinimumVisualStudioVersion = 10.0.40219.1
Project("{FAE04EC0-301F-11D3-BF4B-00C04F79EFBC}") = "Debogage", "Debogage\Debogage.csproj", "{B2C0A5F1-5C1C-4A2B-9C43-D15B13AD1A2E}"
EndProject
Global
	GlobalSection(SolutionConfigurationPlatforms) = preSolution
		Debug|Any CPU = Debug|Any CPU
		Release|Any CPU = Release|Any CPU
	EndGlobalSection
	GlobalSection(ProjectConfigurationPlatforms) = postSolution
		{B2C0A5F1-5C1C-4A2B-9C43-D15B13AD1A2E}.Debug|Any CPU.ActiveCfg = Debug|Any CPU
		{B2C0A5F1-5C1C-4A2B-9C43-D15B13AD1A2E}.Debug|Any CPU.Build.0 = Debug|Any CPU
		{B2C0A5F1-5C1C-4A2B-9C43-D15B13AD1A2E}.Release|Any CPU.ActiveCfg = Release|Any CPU
		{B2C0A5F1-5C1C-4A2B-9C43-D15B13AD1A2E}.Release|Any CPU.Build.0 = Release|Any CPU
	EndGlobalSection
	GlobalSection(SolutionProperties) = preSolution
		HideSolutionNode = FALSE
	EndGlobalSection
	GlobalSection(ExtensibilityGlobals) = postSolution
		SolutionGuid = {876865CE-3120-46A8-8D05-810684B97745}
	EndGlobalSection
EndGlobal
