
Microsoft Visual Studio Solution File, Format Version 12.00
# Visual Studio 15
VisualStudioVersion = 15.0.27703.2000
MinimumVisualStudioVersion = 10.0.40219.1
Project("{FAE04EC0-301F-11D3-BF4B-00C04F79EFBC}") = "TP", "TP\TP.csproj", "{42ACA840-1304-4EBA-8F02-A888358E2917}"
EndProject
Global
	GlobalSection(SolutionConfigurationPlatforms) = preSolution
		Debug|Any CPU = Debug|Any CPU
		Release|Any CPU = Release|Any CPU
	EndGlobalSection
	GlobalSection(ProjectConfigurationPlatforms) = postSolution
		{42ACA840-1304-4EBA-8F02-A888358E2917}.Debug|Any CPU.ActiveCfg = Debug|Any CPU
		{42ACA840-1304-4EBA-8F02-A888358E2917}.Debug|Any CPU.Build.0 = Debug|Any CPU
		{42ACA840-1304-4EBA-8F02-A888358E2917}.Release|Any CPU.ActiveCfg = Release|Any CPU
		{42ACA840-1304-4EBA-8F02-A888358E2917}.Release|Any CPU.Build.0 = Release|Any CPU
	EndGlobalSection
	GlobalSection(SolutionProperties) = preSolution
		HideSolutionNode = FALSE
	EndGlobalSection
	GlobalSection(ExtensibilityGlobals) = postSolution
		SolutionGuid = {E0641E10-FC3A-4F04-92E8-4ADCA741B670}
	EndGlobalSection
EndGlobal
